// !$*UTF8*$!
{
	archiveVersion = 1;
	classes = {
	};
	objectVersion = 63;
	objects = {

/* Begin PBXBuildFile section */
		2196034A2B9E1A3C00B99217 /* #Preview.xcassets in Resources */ = {isa = PBXBuildFile; fileRef = 219603492B9E1A3C00B99217 /* #Preview.xcassets */; };
		219603512B9E1A5E00B99217 /* App-Debug.xcconfig in Resources */ = {isa = PBXBuildFile; fileRef = 2196034F2B9E1A5E00B99217 /* App-Debug.xcconfig */; };
		219603522B9E1A5E00B99217 /* App-Release.xcconfig in Resources */ = {isa = PBXBuildFile; fileRef = 219603502B9E1A5E00B99217 /* App-Release.xcconfig */; };
		219603542B9E1A7C00B99217 /* App.xcconfig in Resources */ = {isa = PBXBuildFile; fileRef = 219603532B9E1A7C00B99217 /* App.xcconfig */; };
		219603582B9E20AF00B99217 /* InfoPlist.xcstrings in Resources */ = {isa = PBXBuildFile; fileRef = 219603562B9E20AF00B99217 /* InfoPlist.xcstrings */; };
		219603612B9E218300B99217 /* MainApp.xcassets in Resources */ = {isa = PBXBuildFile; fileRef = 2196035B2B9E218300B99217 /* MainApp.xcassets */; };
		219603622B9E218300B99217 /* MainApp=App.swift in Sources */ = {isa = PBXBuildFile; fileRef = 2196035C2B9E218300B99217 /* MainApp=App.swift */; };
		219603632B9E218300B99217 /* MainView=View.swift in Sources */ = {isa = PBXBuildFile; fileRef = 2196035E2B9E218300B99217 /* MainView=View.swift */; };
		219603662B9E25A200B99217 /* AppSupport in Frameworks */ = {isa = PBXBuildFile; productRef = 219603652B9E25A200B99217 /* AppSupport */; };
/* End PBXBuildFile section */

/* Begin PBXFileReference section */
		2196033E2B9E1A3B00B99217 /* reef-tracker.app */ = {isa = PBXFileReference; explicitFileType = wrapper.application; includeInIndex = 0; path = "reef-tracker.app"; sourceTree = BUILT_PRODUCTS_DIR; };
		219603472B9E1A3C00B99217 /* MainApp.entitlements */ = {isa = PBXFileReference; lastKnownFileType = text.plist.entitlements; path = MainApp.entitlements; sourceTree = "<group>"; };
		219603492B9E1A3C00B99217 /* #Preview.xcassets */ = {isa = PBXFileReference; lastKnownFileType = folder.assetcatalog; path = "#Preview.xcassets"; sourceTree = "<group>"; };
		2196034F2B9E1A5E00B99217 /* App-Debug.xcconfig */ = {isa = PBXFileReference; fileEncoding = 4; lastKnownFileType = text.xcconfig; path = "App-Debug.xcconfig"; sourceTree = "<group>"; };
		219603502B9E1A5E00B99217 /* App-Release.xcconfig */ = {isa = PBXFileReference; fileEncoding = 4; lastKnownFileType = text.xcconfig; path = "App-Release.xcconfig"; sourceTree = "<group>"; };
		219603532B9E1A7C00B99217 /* App.xcconfig */ = {isa = PBXFileReference; fileEncoding = 4; lastKnownFileType = text.xcconfig; path = App.xcconfig; sourceTree = "<group>"; };
		219603552B9E20AF00B99217 /* Info.plist */ = {isa = PBXFileReference; fileEncoding = 4; lastKnownFileType = text.plist.xml; path = Info.plist; sourceTree = "<group>"; };
		219603562B9E20AF00B99217 /* InfoPlist.xcstrings */ = {isa = PBXFileReference; fileEncoding = 4; lastKnownFileType = text.json.xcstrings; path = InfoPlist.xcstrings; sourceTree = "<group>"; };
		2196035B2B9E218300B99217 /* MainApp.xcassets */ = {isa = PBXFileReference; lastKnownFileType = folder.assetcatalog; path = MainApp.xcassets; sourceTree = "<group>"; };
		2196035C2B9E218300B99217 /* MainApp=App.swift */ = {isa = PBXFileReference; fileEncoding = 4; lastKnownFileType = sourcecode.swift; path = "MainApp=App.swift"; sourceTree = "<group>"; };
		2196035E2B9E218300B99217 /* MainView=View.swift */ = {isa = PBXFileReference; fileEncoding = 4; lastKnownFileType = sourcecode.swift; path = "MainView=View.swift"; sourceTree = "<group>"; };
/* End PBXFileReference section */

/* Begin PBXFrameworksBuildPhase section */
		2196033B2B9E1A3B00B99217 /* Frameworks */ = {
			isa = PBXFrameworksBuildPhase;
			buildActionMask = 2147483647;
			files = (
				219603662B9E25A200B99217 /* AppSupport in Frameworks */,
			);
			runOnlyForDeploymentPostprocessing = 0;
		};
/* End PBXFrameworksBuildPhase section */

/* Begin PBXGroup section */
		219603332B9E18BB00B99217 = {
			isa = PBXGroup;
			children = (
				2196033F2B9E1A3B00B99217 /* Products */,
				2196034E2B9E1A4300B99217 /* Settings */,
				219603402B9E1A3B00B99217 /* Sources */,
			);
			indentWidth = 4;
			sourceTree = "<group>";
			tabWidth = 4;
			usesTabs = 0;
			wrapsLines = 0;
		};
		2196033F2B9E1A3B00B99217 /* Products */ = {
			isa = PBXGroup;
			children = (
				2196033E2B9E1A3B00B99217 /* reef-tracker.app */,
			);
			name = Products;
			sourceTree = "<group>";
		};
		219603402B9E1A3B00B99217 /* Sources */ = {
			isa = PBXGroup;
			children = (
				219603482B9E1A3C00B99217 /* #Preview */,
				219603602B9E218300B99217 /* Main */,
			);
			path = Sources;
			sourceTree = "<group>";
		};
		219603482B9E1A3C00B99217 /* #Preview */ = {
			isa = PBXGroup;
			children = (
				219603492B9E1A3C00B99217 /* #Preview.xcassets */,
			);
			path = "#Preview";
			sourceTree = "<group>";
		};
		2196034E2B9E1A4300B99217 /* Settings */ = {
			isa = PBXGroup;
			children = (
				219603472B9E1A3C00B99217 /* MainApp.entitlements */,
				219603552B9E20AF00B99217 /* Info.plist */,
				2196034F2B9E1A5E00B99217 /* App-Debug.xcconfig */,
				219603502B9E1A5E00B99217 /* App-Release.xcconfig */,
				219603532B9E1A7C00B99217 /* App.xcconfig */,
				219603562B9E20AF00B99217 /* InfoPlist.xcstrings */,
			);
			path = Settings;
			sourceTree = "<group>";
		};
		2196035D2B9E218300B99217 /* App */ = {
			isa = PBXGroup;
			children = (
				2196035C2B9E218300B99217 /* MainApp=App.swift */,
				2196035B2B9E218300B99217 /* MainApp.xcassets */,
			);
			path = App;
			sourceTree = "<group>";
		};
		2196035F2B9E218300B99217 /* View */ = {
			isa = PBXGroup;
			children = (
				2196035E2B9E218300B99217 /* MainView=View.swift */,
			);
			path = View;
			sourceTree = "<group>";
		};
		219603602B9E218300B99217 /* Main */ = {
			isa = PBXGroup;
			children = (
				2196035D2B9E218300B99217 /* App */,
				2196035F2B9E218300B99217 /* View */,
			);
			path = Main;
			sourceTree = "<group>";
		};
/* End PBXGroup section */

/* Begin PBXNativeTarget section */
		2196033D2B9E1A3B00B99217 /* main-app */ = {
			isa = PBXNativeTarget;
			buildConfigurationList = 2196034D2B9E1A3C00B99217 /* Build configuration list for PBXNativeTarget "main-app" */;
			buildPhases = (
				2196033A2B9E1A3B00B99217 /* Sources */,
				2196033B2B9E1A3B00B99217 /* Frameworks */,
				2196033C2B9E1A3B00B99217 /* Resources */,
			);
			buildRules = (
			);
			dependencies = (
			);
			name = "main-app";
			packageProductDependencies = (
				219603652B9E25A200B99217 /* AppSupport */,
			);
			productName = "Reef Tracker";
			productReference = 2196033E2B9E1A3B00B99217 /* reef-tracker.app */;
			productType = "com.apple.product-type.application";
		};
/* End PBXNativeTarget section */

/* Begin PBXProject section */
		219603342B9E18BB00B99217 /* Project object */ = {
			isa = PBXProject;
			attributes = {
				BuildIndependentTargetsInParallel = 1;
				CLASSPREFIX = "";
				LastSwiftUpdateCheck = 1530;
				LastUpgradeCheck = 1530;
				ORGANIZATIONNAME = "";
				TargetAttributes = {
					2196033D2B9E1A3B00B99217 = {
						CreatedOnToolsVersion = 15.3;
					};
				};
			};
			buildConfigurationList = 219603372B9E18BB00B99217 /* Build configuration list for PBXProject "Main" */;
			compatibilityVersion = "Xcode 15.3";
			developmentRegion = en;
			hasScannedForEncodings = 0;
			knownRegions = (
				en,
				Base,
			);
			mainGroup = 219603332B9E18BB00B99217;
			minimizedProjectReferenceProxies = 1;
			packageReferences = (
				219603642B9E25A200B99217 /* XCLocalSwiftPackageReference "../../Packages/app-support" */,
			);
			productRefGroup = 2196033F2B9E1A3B00B99217 /* Products */;
			projectDirPath = "";
			projectRoot = "";
			targets = (
				2196033D2B9E1A3B00B99217 /* main-app */,
			);
		};
/* End PBXProject section */

/* Begin PBXResourcesBuildPhase section */
		2196033C2B9E1A3B00B99217 /* Resources */ = {
			isa = PBXResourcesBuildPhase;
			buildActionMask = 2147483647;
			files = (
				2196034A2B9E1A3C00B99217 /* #Preview.xcassets in Resources */,
				219603582B9E20AF00B99217 /* InfoPlist.xcstrings in Resources */,
				219603512B9E1A5E00B99217 /* App-Debug.xcconfig in Resources */,
				219603542B9E1A7C00B99217 /* App.xcconfig in Resources */,
				219603612B9E218300B99217 /* MainApp.xcassets in Resources */,
				219603522B9E1A5E00B99217 /* App-Release.xcconfig in Resources */,
			);
			runOnlyForDeploymentPostprocessing = 0;
		};
/* End PBXResourcesBuildPhase section */

/* Begin PBXSourcesBuildPhase section */
		2196033A2B9E1A3B00B99217 /* Sources */ = {
			isa = PBXSourcesBuildPhase;
			buildActionMask = 2147483647;
			files = (
				219603632B9E218300B99217 /* MainView=View.swift in Sources */,
				219603622B9E218300B99217 /* MainApp=App.swift in Sources */,
			);
			runOnlyForDeploymentPostprocessing = 0;
		};
/* End PBXSourcesBuildPhase section */

/* Begin XCBuildConfiguration section */
		219603382B9E18BB00B99217 /* Debug */ = {
			isa = XCBuildConfiguration;
			buildSettings = {
			};
			name = Debug;
		};
		219603392B9E18BB00B99217 /* Release */ = {
			isa = XCBuildConfiguration;
			buildSettings = {
			};
			name = Release;
		};
		2196034B2B9E1A3C00B99217 /* Debug */ = {
			isa = XCBuildConfiguration;
			baseConfigurationReference = 2196034F2B9E1A5E00B99217 /* App-Debug.xcconfig */;
			buildSettings = {
				INFOPLIST_KEY_UISupportedInterfaceOrientations_iPad = "UIInterfaceOrientationPortrait UIInterfaceOrientationPortraitUpsideDown UIInterfaceOrientationLandscapeLeft UIInterfaceOrientationLandscapeRight";
				INFOPLIST_KEY_UISupportedInterfaceOrientations_iPhone = "UIInterfaceOrientationPortrait UIInterfaceOrientationLandscapeLeft UIInterfaceOrientationLandscapeRight";
			};
			name = Debug;
		};
		2196034C2B9E1A3C00B99217 /* Release */ = {
			isa = XCBuildConfiguration;
			baseConfigurationReference = 219603502B9E1A5E00B99217 /* App-Release.xcconfig */;
			buildSettings = {
				INFOPLIST_KEY_UISupportedInterfaceOrientations_iPad = "UIInterfaceOrientationPortrait UIInterfaceOrientationPortraitUpsideDown UIInterfaceOrientationLandscapeLeft UIInterfaceOrientationLandscapeRight";
				INFOPLIST_KEY_UISupportedInterfaceOrientations_iPhone = "UIInterfaceOrientationPortrait UIInterfaceOrientationLandscapeLeft UIInterfaceOrientationLandscapeRight";
			};
			name = Release;
		};
/* End XCBuildConfiguration section */

/* Begin XCConfigurationList section */
		219603372B9E18BB00B99217 /* Build configuration list for PBXProject "Main" */ = {
			isa = XCConfigurationList;
			buildConfigurations = (
				219603382B9E18BB00B99217 /* Debug */,
				219603392B9E18BB00B99217 /* Release */,
			);
			defaultConfigurationIsVisible = 0;
			defaultConfigurationName = Release;
		};
		2196034D2B9E1A3C00B99217 /* Build configuration list for PBXNativeTarget "main-app" */ = {
			isa = XCConfigurationList;
			buildConfigurations = (
				2196034B2B9E1A3C00B99217 /* Debug */,
				2196034C2B9E1A3C00B99217 /* Release */,
			);
			defaultConfigurationIsVisible = 0;
			defaultConfigurationName = Release;
		};
/* End XCConfigurationList section */

/* Begin XCLocalSwiftPackageReference section */
		219603642B9E25A200B99217 /* XCLocalSwiftPackageReference "../../Packages/app-support" */ = {
			isa = XCLocalSwiftPackageReference;
			relativePath = "../../Packages/app-support";
		};
/* End XCLocalSwiftPackageReference section */

/* Begin XCSwiftPackageProductDependency section */
		219603652B9E25A200B99217 /* AppSupport */ = {
			isa = XCSwiftPackageProductDependency;
			productName = AppSupport;
		};
/* End XCSwiftPackageProductDependency section */
	};
	rootObject = 219603342B9E18BB00B99217 /* Project object */;
}
